
Microsoft Visual Studio Solution File, Format Version 12.00
# Visual Studio Version 16
VisualStudioVersion = 16.0.30114.105
MinimumVisualStudioVersion = 10.0.40219.1
Project("{9A19103F-16F7-4668-BE54-9A1E7A4F7556}") = "JB.API.Gateway", "JB.API.Gateway\JB.API.Gateway.csproj", "{E94B4011-80D2-4135-9DE2-E6668729853A}"
EndProject
Project("{9A19103F-16F7-4668-BE54-9A1E7A4F7556}") = "JB.API.Job", "JB.API.Job\JB.API.Job.csproj", "{2E690F92-18B8-44C6-AA9C-4B621136F833}"
EndProject
Project("{9A19103F-16F7-4668-BE54-9A1E7A4F7556}") = "JB.API.Infrastructure", "JB.API.Infrastructure\JB.API.Infrastructure.csproj", "{CCCDA9EC-3AD3-4C99-BC1A-696AB38C1EEA}"
EndProject
Project("{9A19103F-16F7-4668-BE54-9A1E7A4F7556}") = "JB.API.Organization", "JB.API.Organization\JB.API.Organization.csproj", "{32021F1D-B2F8-405D-BFD5-38A301D8EA99}"
EndProject
Project("{9A19103F-16F7-4668-BE54-9A1E7A4F7556}") = "JB.API.Blog", "JB.API.Blog\JB.API.Blog.csproj", "{A6A84D3E-E58D-43AE-894F-562C0F3A5980}"
EndProject
Project("{9A19103F-16F7-4668-BE54-9A1E7A4F7556}") = "JB.API.Authentication", "JB.API.Authentication\JB.API.Authentication.csproj", "{9C89EC4C-6EDB-4CE9-AD74-B41E5D075DD8}"
EndProject
Project("{9A19103F-16F7-4668-BE54-9A1E7A4F7556}") = "JB.API.Notification", "JB.API.Notification\JB.API.Notification.csproj", "{55929B1F-B41D-490E-A5E4-ED906600B5F7}"
EndProject
Project("{9A19103F-16F7-4668-BE54-9A1E7A4F7556}") = "JB.API.User", "JB.API.User\JB.API.User.csproj", "{420AFBA1-8B70-4570-B484-CA711A87E806}"
EndProject
Global
	GlobalSection(SolutionConfigurationPlatforms) = preSolution
		Debug|Any CPU = Debug|Any CPU
		Debug|x64 = Debug|x64
		Debug|x86 = Debug|x86
		Release|Any CPU = Release|Any CPU
		Release|x64 = Release|x64
		Release|x86 = Release|x86
	EndGlobalSection
	GlobalSection(ProjectConfigurationPlatforms) = postSolution
		{E94B4011-80D2-4135-9DE2-E6668729853A}.Debug|Any CPU.ActiveCfg = Debug|Any CPU
		{E94B4011-80D2-4135-9DE2-E6668729853A}.Debug|Any CPU.Build.0 = Debug|Any CPU
		{E94B4011-80D2-4135-9DE2-E6668729853A}.Debug|x64.ActiveCfg = Debug|Any CPU
		{E94B4011-80D2-4135-9DE2-E6668729853A}.Debug|x64.Build.0 = Debug|Any CPU
		{E94B4011-80D2-4135-9DE2-E6668729853A}.Debug|x86.ActiveCfg = Debug|Any CPU
		{E94B4011-80D2-4135-9DE2-E6668729853A}.Debug|x86.Build.0 = Debug|Any CPU
		{E94B4011-80D2-4135-9DE2-E6668729853A}.Release|Any CPU.ActiveCfg = Release|Any CPU
		{E94B4011-80D2-4135-9DE2-E6668729853A}.Release|Any CPU.Build.0 = Release|Any CPU
		{E94B4011-80D2-4135-9DE2-E6668729853A}.Release|x64.ActiveCfg = Release|Any CPU
		{E94B4011-80D2-4135-9DE2-E6668729853A}.Release|x64.Build.0 = Release|Any CPU
		{E94B4011-80D2-4135-9DE2-E6668729853A}.Release|x86.ActiveCfg = Release|Any CPU
		{E94B4011-80D2-4135-9DE2-E6668729853A}.Release|x86.Build.0 = Release|Any CPU
		{2E690F92-18B8-44C6-AA9C-4B621136F833}.Debug|Any CPU.ActiveCfg = Debug|Any CPU
		{2E690F92-18B8-44C6-AA9C-4B621136F833}.Debug|Any CPU.Build.0 = Debug|Any CPU
		{2E690F92-18B8-44C6-AA9C-4B621136F833}.Debug|x64.ActiveCfg = Debug|Any CPU
		{2E690F92-18B8-44C6-AA9C-4B621136F833}.Debug|x64.Build.0 = Debug|Any CPU
		{2E690F92-18B8-44C6-AA9C-4B621136F833}.Debug|x86.ActiveCfg = Debug|Any CPU
		{2E690F92-18B8-44C6-AA9C-4B621136F833}.Debug|x86.Build.0 = Debug|Any CPU
		{2E690F92-18B8-44C6-AA9C-4B621136F833}.Release|Any CPU.ActiveCfg = Release|Any CPU
		{2E690F92-18B8-44C6-AA9C-4B621136F833}.Release|Any CPU.Build.0 = Release|Any CPU
		{2E690F92-18B8-44C6-AA9C-4B621136F833}.Release|x64.ActiveCfg = Release|Any CPU
		{2E690F92-18B8-44C6-AA9C-4B621136F833}.Release|x64.Build.0 = Release|Any CPU
		{2E690F92-18B8-44C6-AA9C-4B621136F833}.Release|x86.ActiveCfg = Release|Any CPU
		{2E690F92-18B8-44C6-AA9C-4B621136F833}.Release|x86.Build.0 = Release|Any CPU
		{CCCDA9EC-3AD3-4C99-BC1A-696AB38C1EEA}.Debug|Any CPU.ActiveCfg = Debug|Any CPU
		{CCCDA9EC-3AD3-4C99-BC1A-696AB38C1EEA}.Debug|Any CPU.Build.0 = Debug|Any CPU
		{CCCDA9EC-3AD3-4C99-BC1A-696AB38C1EEA}.Debug|x64.ActiveCfg = Debug|Any CPU
		{CCCDA9EC-3AD3-4C99-BC1A-696AB38C1EEA}.Debug|x64.Build.0 = Debug|Any CPU
		{CCCDA9EC-3AD3-4C99-BC1A-696AB38C1EEA}.Debug|x86.ActiveCfg = Debug|Any CPU
		{CCCDA9EC-3AD3-4C99-BC1A-696AB38C1EEA}.Debug|x86.Build.0 = Debug|Any CPU
		{CCCDA9EC-3AD3-4C99-BC1A-696AB38C1EEA}.Release|Any CPU.ActiveCfg = Release|Any CPU
		{CCCDA9EC-3AD3-4C99-BC1A-696AB38C1EEA}.Release|Any CPU.Build.0 = Release|Any CPU
		{CCCDA9EC-3AD3-4C99-BC1A-696AB38C1EEA}.Release|x64.ActiveCfg = Release|Any CPU
		{CCCDA9EC-3AD3-4C99-BC1A-696AB38C1EEA}.Release|x64.Build.0 = Release|Any CPU
		{CCCDA9EC-3AD3-4C99-BC1A-696AB38C1EEA}.Release|x86.ActiveCfg = Release|Any CPU
		{CCCDA9EC-3AD3-4C99-BC1A-696AB38C1EEA}.Release|x86.Build.0 = Release|Any CPU
		{32021F1D-B2F8-405D-BFD5-38A301D8EA99}.Debug|Any CPU.ActiveCfg = Debug|Any CPU
		{32021F1D-B2F8-405D-BFD5-38A301D8EA99}.Debug|Any CPU.Build.0 = Debug|Any CPU
		{32021F1D-B2F8-405D-BFD5-38A301D8EA99}.Debug|x64.ActiveCfg = Debug|Any CPU
		{32021F1D-B2F8-405D-BFD5-38A301D8EA99}.Debug|x64.Build.0 = Debug|Any CPU
		{32021F1D-B2F8-405D-BFD5-38A301D8EA99}.Debug|x86.ActiveCfg = Debug|Any CPU
		{32021F1D-B2F8-405D-BFD5-38A301D8EA99}.Debug|x86.Build.0 = Debug|Any CPU
		{32021F1D-B2F8-405D-BFD5-38A301D8EA99}.Release|Any CPU.ActiveCfg = Release|Any CPU
		{32021F1D-B2F8-405D-BFD5-38A301D8EA99}.Release|Any CPU.Build.0 = Release|Any CPU
		{32021F1D-B2F8-405D-BFD5-38A301D8EA99}.Release|x64.ActiveCfg = Release|Any CPU
		{32021F1D-B2F8-405D-BFD5-38A301D8EA99}.Release|x64.Build.0 = Release|Any CPU
		{32021F1D-B2F8-405D-BFD5-38A301D8EA99}.Release|x86.ActiveCfg = Release|Any CPU
		{32021F1D-B2F8-405D-BFD5-38A301D8EA99}.Release|x86.Build.0 = Release|Any CPU
		{A6A84D3E-E58D-43AE-894F-562C0F3A5980}.Debug|Any CPU.ActiveCfg = Debug|Any CPU
		{A6A84D3E-E58D-43AE-894F-562C0F3A5980}.Debug|Any CPU.Build.0 = Debug|Any CPU
		{A6A84D3E-E58D-43AE-894F-562C0F3A5980}.Debug|x64.ActiveCfg = Debug|Any CPU
		{A6A84D3E-E58D-43AE-894F-562C0F3A5980}.Debug|x64.Build.0 = Debug|Any CPU
		{A6A84D3E-E58D-43AE-894F-562C0F3A5980}.Debug|x86.ActiveCfg = Debug|Any CPU
		{A6A84D3E-E58D-43AE-894F-562C0F3A5980}.Debug|x86.Build.0 = Debug|Any CPU
		{A6A84D3E-E58D-43AE-894F-562C0F3A5980}.Release|Any CPU.ActiveCfg = Release|Any CPU
		{A6A84D3E-E58D-43AE-894F-562C0F3A5980}.Release|Any CPU.Build.0 = Release|Any CPU
		{A6A84D3E-E58D-43AE-894F-562C0F3A5980}.Release|x64.ActiveCfg = Release|Any CPU
		{A6A84D3E-E58D-43AE-894F-562C0F3A5980}.Release|x64.Build.0 = Release|Any CPU
		{A6A84D3E-E58D-43AE-894F-562C0F3A5980}.Release|x86.ActiveCfg = Release|Any CPU
		{A6A84D3E-E58D-43AE-894F-562C0F3A5980}.Release|x86.Build.0 = Release|Any CPU
		{9C89EC4C-6EDB-4CE9-AD74-B41E5D075DD8}.Debug|Any CPU.ActiveCfg = Debug|Any CPU
		{9C89EC4C-6EDB-4CE9-AD74-B41E5D075DD8}.Debug|Any CPU.Build.0 = Debug|Any CPU
		{9C89EC4C-6EDB-4CE9-AD74-B41E5D075DD8}.Debug|x64.ActiveCfg = Debug|Any CPU
		{9C89EC4C-6EDB-4CE9-AD74-B41E5D075DD8}.Debug|x64.Build.0 = Debug|Any CPU
		{9C89EC4C-6EDB-4CE9-AD74-B41E5D075DD8}.Debug|x86.ActiveCfg = Debug|Any CPU
		{9C89EC4C-6EDB-4CE9-AD74-B41E5D075DD8}.Debug|x86.Build.0 = Debug|Any CPU
		{9C89EC4C-6EDB-4CE9-AD74-B41E5D075DD8}.Release|Any CPU.ActiveCfg = Release|Any CPU
		{9C89EC4C-6EDB-4CE9-AD74-B41E5D075DD8}.Release|Any CPU.Build.0 = Release|Any CPU
		{9C89EC4C-6EDB-4CE9-AD74-B41E5D075DD8}.Release|x64.ActiveCfg = Release|Any CPU
		{9C89EC4C-6EDB-4CE9-AD74-B41E5D075DD8}.Release|x64.Build.0 = Release|Any CPU
		{9C89EC4C-6EDB-4CE9-AD74-B41E5D075DD8}.Release|x86.ActiveCfg = Release|Any CPU
		{9C89EC4C-6EDB-4CE9-AD74-B41E5D075DD8}.Release|x86.Build.0 = Release|Any CPU
		{55929B1F-B41D-490E-A5E4-ED906600B5F7}.Debug|Any CPU.ActiveCfg = Debug|Any CPU
		{55929B1F-B41D-490E-A5E4-ED906600B5F7}.Debug|Any CPU.Build.0 = Debug|Any CPU
		{55929B1F-B41D-490E-A5E4-ED906600B5F7}.Debug|x64.ActiveCfg = Debug|Any CPU
		{55929B1F-B41D-490E-A5E4-ED906600B5F7}.Debug|x64.Build.0 = Debug|Any CPU
		{55929B1F-B41D-490E-A5E4-ED906600B5F7}.Debug|x86.ActiveCfg = Debug|Any CPU
		{55929B1F-B41D-490E-A5E4-ED906600B5F7}.Debug|x86.Build.0 = Debug|Any CPU
		{55929B1F-B41D-490E-A5E4-ED906600B5F7}.Release|Any CPU.ActiveCfg = Release|Any CPU
		{55929B1F-B41D-490E-A5E4-ED906600B5F7}.Release|Any CPU.Build.0 = Release|Any CPU
		{55929B1F-B41D-490E-A5E4-ED906600B5F7}.Release|x64.ActiveCfg = Release|Any CPU
		{55929B1F-B41D-490E-A5E4-ED906600B5F7}.Release|x64.Build.0 = Release|Any CPU
		{55929B1F-B41D-490E-A5E4-ED906600B5F7}.Release|x86.ActiveCfg = Release|Any CPU
		{55929B1F-B41D-490E-A5E4-ED906600B5F7}.Release|x86.Build.0 = Release|Any CPU
		{420AFBA1-8B70-4570-B484-CA711A87E806}.Debug|Any CPU.ActiveCfg = Debug|Any CPU
		{420AFBA1-8B70-4570-B484-CA711A87E806}.Debug|Any CPU.Build.0 = Debug|Any CPU
		{420AFBA1-8B70-4570-B484-CA711A87E806}.Debug|x64.ActiveCfg = Debug|Any CPU
		{420AFBA1-8B70-4570-B484-CA711A87E806}.Debug|x64.Build.0 = Debug|Any CPU
		{420AFBA1-8B70-4570-B484-CA711A87E806}.Debug|x86.ActiveCfg = Debug|Any CPU
		{420AFBA1-8B70-4570-B484-CA711A87E806}.Debug|x86.Build.0 = Debug|Any CPU
		{420AFBA1-8B70-4570-B484-CA711A87E806}.Release|Any CPU.ActiveCfg = Release|Any CPU
		{420AFBA1-8B70-4570-B484-CA711A87E806}.Release|Any CPU.Build.0 = Release|Any CPU
		{420AFBA1-8B70-4570-B484-CA711A87E806}.Release|x64.ActiveCfg = Release|Any CPU
		{420AFBA1-8B70-4570-B484-CA711A87E806}.Release|x64.Build.0 = Release|Any CPU
		{420AFBA1-8B70-4570-B484-CA711A87E806}.Release|x86.ActiveCfg = Release|Any CPU
		{420AFBA1-8B70-4570-B484-CA711A87E806}.Release|x86.Build.0 = Release|Any CPU
	EndGlobalSection
	GlobalSection(SolutionProperties) = preSolution
		HideSolutionNode = FALSE
	EndGlobalSection
	GlobalSection(ExtensibilityGlobals) = postSolution
		SolutionGuid = {CF43BF8C-89B7-4E50-A57D-AAC7A2140F2A}
	EndGlobalSection
EndGlobal
